Microsoft Visual Studio Solution File, Format Version 12.00
# Visual Studio Version 16
VisualStudioVersion = 16.0.29728.190
MinimumVisualStudioVersion = 10.0.40219.1
Project("{9A19103F-16F7-4668-BE54-9A1E7A4F7556}") = "DockerUpgrader", "src\DockerUpgrader\DockerUpgrader.csproj", "{4C666B58-5870-47E4-A7C9-1A0A77F160BF}"
EndProject
Project("{9A19103F-16F7-4668-BE54-9A1E7A4F7556}") = "DockerUpgrader.Tests", "test\DockerUpgrader.Tests\DockerUpgrader.Tests.csproj", "{DB8F004B-CDA9-4389-989B-9768DC3F76B6}"
EndProject
Project("{2150E333-8FDC-42A3-9474-1A3956D46DE8}") = "src", "src", "{EAAA472A-E325-460F-984D-BA622AEDEBF2}"
EndProject
Project("{2150E333-8FDC-42A3-9474-1A3956D46DE8}") = "test", "test", "{C0AE8F80-6840-4E46-9C3F-2976B9ED1EB7}"
EndProject
Global
	GlobalSection(SolutionConfigurationPlatforms) = preSolution
		Debug|Any CPU = Debug|Any CPU
		Release|Any CPU = Release|Any CPU
	EndGlobalSection
	GlobalSection(ProjectConfigurationPlatforms) = postSolution
		{4C666B58-5870-47E4-A7C9-1A0A77F160BF}.Debug|Any CPU.ActiveCfg = Debug|Any CPU
		{4C666B58-5870-47E4-A7C9-1A0A77F160BF}.Debug|Any CPU.Build.0 = Debug|Any CPU
		{4C666B58-5870-47E4-A7C9-1A0A77F160BF}.Release|Any CPU.ActiveCfg = Release|Any CPU
		{4C666B58-5870-47E4-A7C9-1A0A77F160BF}.Release|Any CPU.Build.0 = Release|Any CPU
		{DB8F004B-CDA9-4389-989B-9768DC3F76B6}.Debug|Any CPU.ActiveCfg = Debug|Any CPU
		{DB8F004B-CDA9-4389-989B-9768DC3F76B6}.Debug|Any CPU.Build.0 = Debug|Any CPU
		{DB8F004B-CDA9-4389-989B-9768DC3F76B6}.Release|Any CPU.ActiveCfg = Release|Any CPU
		{DB8F004B-CDA9-4389-989B-9768DC3F76B6}.Release|Any CPU.Build.0 = Release|Any CPU
	EndGlobalSection
	GlobalSection(SolutionProperties) = preSolution
		HideSolutionNode = FALSE
	EndGlobalSection
	GlobalSection(NestedProjects) = preSolution
		{4C666B58-5870-47E4-A7C9-1A0A77F160BF} = {EAAA472A-E325-460F-984D-BA622AEDEBF2}
		{DB8F004B-CDA9-4389-989B-9768DC3F76B6} = {C0AE8F80-6840-4E46-9C3F-2976B9ED1EB7}
	EndGlobalSection
	GlobalSection(ExtensibilityGlobals) = postSolution
		SolutionGuid = {B0A48175-D1C7-473D-B97E-986BED96ED23}
	EndGlobalSection
EndGlobal
